
Microsoft Visual Studio Solution File, Format Version 12.00
# Visual Studio 15
VisualStudioVersion = 15.0.28010.2026
MinimumVisualStudioVersion = 10.0.40219.1
Project("{FAE04EC0-301F-11D3-BF4B-00C04F79EFBC}") = "ShapeFile", "ShapeFile\ShapeFile.csproj", "{16E913CE-6761-40DF-A577-371A3A09FDBA}"
EndProject
Global
	GlobalSection(SolutionConfigurationPlatforms) = preSolution
		Debug|Any CPU = Debug|Any CPU
		Release|Any CPU = Release|Any CPU
	EndGlobalSection
	GlobalSection(ProjectConfigurationPlatforms) = postSolution
		{16E913CE-6761-40DF-A577-371A3A09FDBA}.Debug|Any CPU.ActiveCfg = Debug|Any CPU
		{16E913CE-6761-40DF-A577-371A3A09FDBA}.Debug|Any CPU.Build.0 = Debug|Any CPU
		{16E913CE-6761-40DF-A577-371A3A09FDBA}.Release|Any CPU.ActiveCfg = Release|Any CPU
		{16E913CE-6761-40DF-A577-371A3A09FDBA}.Release|Any CPU.Build.0 = Release|Any CPU
	EndGlobalSection
	GlobalSection(SolutionProperties) = preSolution
		HideSolutionNode = FALSE
	EndGlobalSection
	GlobalSection(ExtensibilityGlobals) = postSolution
		SolutionGuid = {8BE0D096-4D90-4133-BF13-1E6C9F930E7D}
	EndGlobalSection
EndGlobal
